
Microsoft Visual Studio Solution File, Format Version 12.00
# Visual Studio Version 17
VisualStudioVersion = 17.11.35219.272
MinimumVisualStudioVersion = 10.0.40219.1
Project("{8BC9CEB8-8B4A-11D0-8D11-00A0C91BC942}") = "45_48_ReadClientsFromFileV", "45_48_ReadClientsFromFileV.vcxproj", "{9DB07B15-5B21-4185-B009-CE8A33E078E1}"
EndProject
Global
	GlobalSection(SolutionConfigurationPlatforms) = preSolution
		Debug|x64 = Debug|x64
		Debug|x86 = Debug|x86
		Release|x64 = Release|x64
		Release|x86 = Release|x86
	EndGlobalSection
	GlobalSection(ProjectConfigurationPlatforms) = postSolution
		{9DB07B15-5B21-4185-B009-CE8A33E078E1}.Debug|x64.ActiveCfg = Debug|x64
		{9DB07B15-5B21-4185-B009-CE8A33E078E1}.Debug|x64.Build.0 = Debug|x64
		{9DB07B15-5B21-4185-B009-CE8A33E078E1}.Debug|x86.ActiveCfg = Debug|Win32
		{9DB07B15-5B21-4185-B009-CE8A33E078E1}.Debug|x86.Build.0 = Debug|Win32
		{9DB07B15-5B21-4185-B009-CE8A33E078E1}.Release|x64.ActiveCfg = Release|x64
		{9DB07B15-5B21-4185-B009-CE8A33E078E1}.Release|x64.Build.0 = Release|x64
		{9DB07B15-5B21-4185-B009-CE8A33E078E1}.Release|x86.ActiveCfg = Release|Win32
		{9DB07B15-5B21-4185-B009-CE8A33E078E1}.Release|x86.Build.0 = Release|Win32
	EndGlobalSection
	GlobalSection(SolutionProperties) = preSolution
		HideSolutionNode = FALSE
	EndGlobalSection
	GlobalSection(ExtensibilityGlobals) = postSolution
		SolutionGuid = {7807463A-A54F-445A-9AFF-79E19DB56C22}
	EndGlobalSection
EndGlobal
