
Microsoft Visual Studio Solution File, Format Version 12.00
# Visual Studio Version 17
VisualStudioVersion = 17.11.35219.272
MinimumVisualStudioVersion = 10.0.40219.1
Project("{8BC9CEB8-8B4A-11D0-8D11-00A0C91BC942}") = "24_UpperFirstLetter", "24_UpperFirstLetter.vcxproj", "{77DBD276-E2E1-437E-BA16-5DF12CCD90E4}"
EndProject
Global
	GlobalSection(SolutionConfigurationPlatforms) = preSolution
		Debug|x64 = Debug|x64
		Debug|x86 = Debug|x86
		Release|x64 = Release|x64
		Release|x86 = Release|x86
	EndGlobalSection
	GlobalSection(ProjectConfigurationPlatforms) = postSolution
		{77DBD276-E2E1-437E-BA16-5DF12CCD90E4}.Debug|x64.ActiveCfg = Debug|x64
		{77DBD276-E2E1-437E-BA16-5DF12CCD90E4}.Debug|x64.Build.0 = Debug|x64
		{77DBD276-E2E1-437E-BA16-5DF12CCD90E4}.Debug|x86.ActiveCfg = Debug|Win32
		{77DBD276-E2E1-437E-BA16-5DF12CCD90E4}.Debug|x86.Build.0 = Debug|Win32
		{77DBD276-E2E1-437E-BA16-5DF12CCD90E4}.Release|x64.ActiveCfg = Release|x64
		{77DBD276-E2E1-437E-BA16-5DF12CCD90E4}.Release|x64.Build.0 = Release|x64
		{77DBD276-E2E1-437E-BA16-5DF12CCD90E4}.Release|x86.ActiveCfg = Release|Win32
		{77DBD276-E2E1-437E-BA16-5DF12CCD90E4}.Release|x86.Build.0 = Release|Win32
	EndGlobalSection
	GlobalSection(SolutionProperties) = preSolution
		HideSolutionNode = FALSE
	EndGlobalSection
	GlobalSection(ExtensibilityGlobals) = postSolution
		SolutionGuid = {7C9FB23D-5F41-49E9-9B0E-4AEE98E652DB}
	EndGlobalSection
EndGlobal
